
Microsoft Visual Studio Solution File, Format Version 12.00
Project("{2150E333-8FDC-42A3-9474-1A3956D46DE8}") = "src", "src", "{00D5AB0F-0C56-443C-9B6F-DDC43A99E5FB}"
EndProject
Project("{2150E333-8FDC-42A3-9474-1A3956D46DE8}") = "test", "test", "{492BDF86-3D42-4E1B-8196-1B44848D5396}"
EndProject
Project("{2150E333-8FDC-42A3-9474-1A3956D46DE8}") = "API", "API", "{A980C50E-4736-4A5D-AF67-897DB8544442}"
EndProject
Project("{2150E333-8FDC-42A3-9474-1A3956D46DE8}") = "Core", "Core", "{88F0A52F-D2A4-489F-B7F8-D51EE1721856}"
EndProject
Project("{2150E333-8FDC-42A3-9474-1A3956D46DE8}") = "Infrastructre", "Infrastructre", "{158EB275-F984-4E0A-AFD5-7145CBF43870}"
EndProject
Project("{2150E333-8FDC-42A3-9474-1A3956D46DE8}") = "UI", "UI", "{B1053F2C-0A9D-4A25-B77D-CED4DD58BFD2}"
EndProject
Project("{FAE04EC0-301F-11D3-BF4B-00C04F79EFBC}") = "LeaveManagement.Domain", "LeaveManagement.Domain\LeaveManagement.Domain.csproj", "{F3206CAF-A0F9-4EA7-B954-663F78BC60DD}"
EndProject
Project("{FAE04EC0-301F-11D3-BF4B-00C04F79EFBC}") = "LeaveManagement.Application", "LeaveManagement.Application\LeaveManagement.Application.csproj", "{E92BAC23-44D1-41F6-AC19-18FCB0B90964}"
EndProject
Project("{FAE04EC0-301F-11D3-BF4B-00C04F79EFBC}") = "LeaveManagement.Persistence", "LeaveManagement.Persistence\LeaveManagement.Persistence.csproj", "{9620B70B-CDE6-460B-A929-3EC27FC78C3D}"
EndProject
Project("{FAE04EC0-301F-11D3-BF4B-00C04F79EFBC}") = "LeaveManagement.Infrastructure", "LeaveManagement.Infrastructure\LeaveManagement.Infrastructure.csproj", "{E11275F0-D25F-47C9-B368-300F3E7A05CD}"
EndProject
Global
	GlobalSection(SolutionConfigurationPlatforms) = preSolution
		Debug|Any CPU = Debug|Any CPU
		Release|Any CPU = Release|Any CPU
	EndGlobalSection
	GlobalSection(NestedProjects) = preSolution
		{A980C50E-4736-4A5D-AF67-897DB8544442} = {00D5AB0F-0C56-443C-9B6F-DDC43A99E5FB}
		{88F0A52F-D2A4-489F-B7F8-D51EE1721856} = {00D5AB0F-0C56-443C-9B6F-DDC43A99E5FB}
		{158EB275-F984-4E0A-AFD5-7145CBF43870} = {00D5AB0F-0C56-443C-9B6F-DDC43A99E5FB}
		{B1053F2C-0A9D-4A25-B77D-CED4DD58BFD2} = {00D5AB0F-0C56-443C-9B6F-DDC43A99E5FB}
		{F3206CAF-A0F9-4EA7-B954-663F78BC60DD} = {88F0A52F-D2A4-489F-B7F8-D51EE1721856}
		{E92BAC23-44D1-41F6-AC19-18FCB0B90964} = {88F0A52F-D2A4-489F-B7F8-D51EE1721856}
		{9620B70B-CDE6-460B-A929-3EC27FC78C3D} = {158EB275-F984-4E0A-AFD5-7145CBF43870}
		{E11275F0-D25F-47C9-B368-300F3E7A05CD} = {158EB275-F984-4E0A-AFD5-7145CBF43870}
	EndGlobalSection
	GlobalSection(ProjectConfigurationPlatforms) = postSolution
		{F3206CAF-A0F9-4EA7-B954-663F78BC60DD}.Debug|Any CPU.ActiveCfg = Debug|Any CPU
		{F3206CAF-A0F9-4EA7-B954-663F78BC60DD}.Debug|Any CPU.Build.0 = Debug|Any CPU
		{F3206CAF-A0F9-4EA7-B954-663F78BC60DD}.Release|Any CPU.ActiveCfg = Release|Any CPU
		{F3206CAF-A0F9-4EA7-B954-663F78BC60DD}.Release|Any CPU.Build.0 = Release|Any CPU
		{E92BAC23-44D1-41F6-AC19-18FCB0B90964}.Debug|Any CPU.ActiveCfg = Debug|Any CPU
		{E92BAC23-44D1-41F6-AC19-18FCB0B90964}.Debug|Any CPU.Build.0 = Debug|Any CPU
		{E92BAC23-44D1-41F6-AC19-18FCB0B90964}.Release|Any CPU.ActiveCfg = Release|Any CPU
		{E92BAC23-44D1-41F6-AC19-18FCB0B90964}.Release|Any CPU.Build.0 = Release|Any CPU
		{9620B70B-CDE6-460B-A929-3EC27FC78C3D}.Debug|Any CPU.ActiveCfg = Debug|Any CPU
		{9620B70B-CDE6-460B-A929-3EC27FC78C3D}.Debug|Any CPU.Build.0 = Debug|Any CPU
		{9620B70B-CDE6-460B-A929-3EC27FC78C3D}.Release|Any CPU.ActiveCfg = Release|Any CPU
		{9620B70B-CDE6-460B-A929-3EC27FC78C3D}.Release|Any CPU.Build.0 = Release|Any CPU
		{E11275F0-D25F-47C9-B368-300F3E7A05CD}.Debug|Any CPU.ActiveCfg = Debug|Any CPU
		{E11275F0-D25F-47C9-B368-300F3E7A05CD}.Debug|Any CPU.Build.0 = Debug|Any CPU
		{E11275F0-D25F-47C9-B368-300F3E7A05CD}.Release|Any CPU.ActiveCfg = Release|Any CPU
		{E11275F0-D25F-47C9-B368-300F3E7A05CD}.Release|Any CPU.Build.0 = Release|Any CPU
	EndGlobalSection
EndGlobal
